// !$*UTF8*$!
{
	archiveVersion = 1;
	classes = {
	};
	objectVersion = 46;
	objects = {

/* Begin PBXBuildFile section */
		FE22F3361F974C0B006545FA /* AppDelegate.swift in Sources */ = {isa = PBXBuildFile; fileRef = FE22F3351F974C0B006545FA /* AppDelegate.swift */; };
		FE22F3381F974C0B006545FA /* ViewController.swift in Sources */ = {isa = PBXBuildFile; fileRef = FE22F3371F974C0B006545FA /* ViewController.swift */; };
		FE22F33B1F974C0B006545FA /* Main.storyboard in Resources */ = {isa = PBXBuildFile; fileRef = FE22F3391F974C0B006545FA /* Main.storyboard */; };
		FE22F33D1F974C0B006545FA /* Assets.xcassets in Resources */ = {isa = PBXBuildFile; fileRef = FE22F33C1F974C0B006545FA /* Assets.xcassets */; };
		FE22F3401F974C0B006545FA /* LaunchScreen.storyboard in Resources */ = {isa = PBXBuildFile; fileRef = FE22F33E1F974C0B006545FA /* LaunchScreen.storyboard */; };
/* End PBXBuildFile section */

/* Begin PBXFileReference section */
		FE22F3321F974C0B006545FA /* DeepCo.app */ = {isa = PBXFileReference; explicitFileType = wrapper.application; includeInIndex = 0; path = DeepCo.app; sourceTree = BUILT_PRODUCTS_DIR; };
		FE22F3351F974C0B006545FA /* AppDelegate.swift */ = {isa = PBXFileReference; lastKnownFileType = sourcecode.swift; path = AppDelegate.swift; sourceTree = "<group>"; };
		FE22F3371F974C0B006545FA /* ViewController.swift */ = {isa = PBXFileReference; lastKnownFileType = sourcecode.swift; path = ViewController.swift; sourceTree = "<group>"; };
		FE22F33A1F974C0B006545FA /* Base */ = {isa = PBXFileReference; lastKnownFileType = file.storyboard; name = Base; path = Base.lproj/Main.storyboard; sourceTree = "<group>"; };
		FE22F33C1F974C0B006545FA /* Assets.xcassets */ = {isa = PBXFileReference; lastKnownFileType = folder.assetcatalog; path = Assets.xcassets; sourceTree = "<group>"; };
		FE22F33F1F974C0B006545FA /* Base */ = {isa = PBXFileReference; lastKnownFileType = file.storyboard; name = Base; path = Base.lproj/LaunchScreen.storyboard; sourceTree = "<group>"; };
		FE22F3411F974C0B006545FA /* Info.plist */ = {isa = PBXFileReference; lastKnownFileType = text.plist.xml; path = Info.plist; sourceTree = "<group>"; };
/* End PBXFileReference section */

/* Begin PBXFrameworksBuildPhase section */
		FE22F32F1F974C0B006545FA /* Frameworks */ = {
			isa = PBXFrameworksBuildPhase;
			buildActionMask = 2147483647;
			files = (
			);
			runOnlyForDeploymentPostprocessing = 0;
		};
/* End PBXFrameworksBuildPhase section */

/* Begin PBXGroup section */
		FE22F3291F974C0B006545FA = {
			isa = PBXGroup;
			children = (
				FE22F3341F974C0B006545FA /* DeepCo */,
				FE22F3331F974C0B006545FA /* Products */,
			);
			sourceTree = "<group>";
		};
		FE22F3331F974C0B006545FA /* Products */ = {
			isa = PBXGroup;
			children = (
				FE22F3321F974C0B006545FA /* DeepCo.app */,
			);
			name = Products;
			sourceTree = "<group>";
		};
		FE22F3341F974C0B006545FA /* DeepCo */ = {
			isa = PBXGroup;
			children = (
				FE22F3351F974C0B006545FA /* AppDelegate.swift */,
				FE22F3371F974C0B006545FA /* ViewController.swift */,
				FE22F3391F974C0B006545FA /* Main.storyboard */,
				FE22F33C1F974C0B006545FA /* Assets.xcassets */,
				FE22F33E1F974C0B006545FA /* LaunchScreen.storyboard */,
				FE22F3411F974C0B006545FA /* Info.plist */,
			);
			path = DeepCo;
			sourceTree = "<group>";
		};
/* End PBXGroup section */

/* Begin PBXNativeTarget section */
		FE22F3311F974C0B006545FA /* DeepCo */ = {
			isa = PBXNativeTarget;
			buildConfigurationList = FE22F3441F974C0B006545FA /* Build configuration list for PBXNativeTarget "DeepCo" */;
			buildPhases = (
				FE22F32E1F974C0B006545FA /* Sources */,
				FE22F32F1F974C0B006545FA /* Frameworks */,
				FE22F3301F974C0B006545FA /* Resources */,
			);
			buildRules = (
			);
			dependencies = (
			);
			name = DeepCo;
			productName = DeepCo;
			productReference = FE22F3321F974C0B006545FA /* DeepCo.app */;
			productType = "com.apple.product-type.application";
		};
/* End PBXNativeTarget section */

/* Begin PBXProject section */
		FE22F32A1F974C0B006545FA /* Project object */ = {
			isa = PBXProject;
			attributes = {
				LastSwiftUpdateCheck = 0830;
				LastUpgradeCheck = 0830;
				ORGANIZATIONNAME = Team10;
				TargetAttributes = {
					FE22F3311F974C0B006545FA = {
						CreatedOnToolsVersion = 8.3.3;
						ProvisioningStyle = Automatic;
					};
				};
			};
			buildConfigurationList = FE22F32D1F974C0B006545FA /* Build configuration list for PBXProject "DeepCo" */;
			compatibilityVersion = "Xcode 3.2";
			developmentRegion = English;
			hasScannedForEncodings = 0;
			knownRegions = (
				en,
				Base,
			);
			mainGroup = FE22F3291F974C0B006545FA;
			productRefGroup = FE22F3331F974C0B006545FA /* Products */;
			projectDirPath = "";
			projectRoot = "";
			targets = (
				FE22F3311F974C0B006545FA /* DeepCo */,
			);
		};
/* End PBXProject section */

/* Begin PBXResourcesBuildPhase section */
		FE22F3301F974C0B006545FA /* Resources */ = {
			isa = PBXResourcesBuildPhase;
			buildActionMask = 2147483647;
			files = (
				FE22F3401F974C0B006545FA /* LaunchScreen.storyboard in Resources */,
				FE22F33D1F974C0B006545FA /* Assets.xcassets in Resources */,
				FE22F33B1F974C0B006545FA /* Main.storyboard in Resources */,
			);
			runOnlyForDeploymentPostprocessing = 0;
		};
/* End PBXResourcesBuildPhase section */

/* Begin PBXSourcesBuildPhase section */
		FE22F32E1F974C0B006545FA /* Sources */ = {
			isa = PBXSourcesBuildPhase;
			buildActionMask = 2147483647;
			files = (
				FE22F3381F974C0B006545FA /* ViewController.swift in Sources */,
				FE22F3361F974C0B006545FA /* AppDelegate.swift in Sources */,
			);
			runOnlyForDeploymentPostprocessing = 0;
		};
/* End PBXSourcesBuildPhase section */

/* Begin PBXVariantGroup section */
		FE22F3391F974C0B006545FA /* Main.storyboard */ = {
			isa = PBXVariantGroup;
			children = (
				FE22F33A1F974C0B006545FA /* Base */,
			);
			name = Main.storyboard;
			sourceTree = "<group>";
		};
		FE22F33E1F974C0B006545FA /* LaunchScreen.storyboard */ = {
			isa = PBXVariantGroup;
			children = (
				FE22F33F1F974C0B006545FA /* Base */,
			);
			name = LaunchScreen.storyboard;
			sourceTree = "<group>";
		};
/* End PBXVariantGroup section */

/* Begin XCBuildConfiguration section */
		FE22F3421F974C0B006545FA /* Debug */ = {
			isa = XCBuildConfiguration;
			buildSettings = {
				ALWAYS_SEARCH_USER_PATHS = NO;
				CLANG_ANALYZER_NONNULL = YES;
				CLANG_ANALYZER_NUMBER_OBJECT_CONVERSION = YES_AGGRESSIVE;
				CLANG_CXX_LANGUAGE_STANDARD = "gnu++0x";
				CLANG_CXX_LIBRARY = "libc++";
				CLANG_ENABLE_MODULES = YES;
				CLANG_ENABLE_OBJC_ARC = YES;
				CLANG_WARN_BOOL_CONVERSION = YES;
				CLANG_WARN_CONSTANT_CONVERSION = YES;
				CLANG_WARN_DIRECT_OBJC_ISA_USAGE = YES_ERROR;
				CLANG_WARN_DOCUMENTATION_COMMENTS = YES;
				CLANG_WARN_EMPTY_BODY = YES;
				CLANG_WARN_ENUM_CONVERSION = YES;
				CLANG_WARN_INFINITE_RECURSION = YES;
				CLANG_WARN_INT_CONVERSION = YES;
				CLANG_WARN_OBJC_ROOT_CLASS = YES_ERROR;
				CLANG_WARN_SUSPICIOUS_MOVE = YES;
				CLANG_WARN_UNREACHABLE_CODE = YES;
				CLANG_WARN__DUPLICATE_METHOD_MATCH = YES;
				"CODE_SIGN_IDENTITY[sdk=iphoneos*]" = "iPhone Developer";
				COPY_PHASE_STRIP = NO;
				DEBUG_INFORMATION_FORMAT = dwarf;
				ENABLE_STRICT_OBJC_MSGSEND = YES;
				ENABLE_TESTABILITY = YES;
				GCC_C_LANGUAGE_STANDARD = gnu99;
				GCC_DYNAMIC_NO_PIC = NO;
				GCC_NO_COMMON_BLOCKS = YES;
				GCC_OPTIMIZATION_LEVEL = 0;
				GCC_PREPROCESSOR_DEFINITIONS = (
					"DEBUG=1",
					"$(inherited)",
				);
				GCC_WARN_64_TO_32_BIT_CONVERSION = YES;
				GCC_WARN_ABOUT_RETURN_TYPE = YES_ERROR;
				GCC_WARN_UNDECLARED_SELECTOR = YES;
				GCC_WARN_UNINITIALIZED_AUTOS = YES_AGGRESSIVE;
				GCC_WARN_UNUSED_FUNCTION = YES;
				GCC_WARN_UNUSED_VARIABLE = YES;
				IPHONEOS_DEPLOYMENT_TARGET = 10.3;
				MTL_ENABLE_DEBUG_INFO = YES;
				ONLY_ACTIVE_ARCH = YES;
				SDKROOT = iphoneos;
				SWIFT_ACTIVE_COMPILATION_CONDITIONS = DEBUG;
				SWIFT_OPTIMIZATION_LEVEL = "-Onone";
				TARGETED_DEVICE_FAMILY = "1,2";
			};
			name = Debug;
		};
		FE22F3431F974C0B006545FA /* Release */ = {
			isa = XCBuildConfiguration;
			buildSettings = {
				ALWAYS_SEARCH_USER_PATHS = NO;
				CLANG_ANALYZER_NONNULL = YES;
				CLANG_ANALYZER_NUMBER_OBJECT_CONVERSION = YES_AGGRESSIVE;
				CLANG_CXX_LANGUAGE_STANDARD = "gnu++0x";
				CLANG_CXX_LIBRARY = "libc++";
				CLANG_ENABLE_MODULES = YES;
				CLANG_ENABLE_OBJC_ARC = YES;
				CLANG_WARN_BOOL_CONVERSION = YES;
				CLANG_WARN_CONSTANT_CONVERSION = YES;
				CLANG_WARN_DIRECT_OBJC_ISA_USAGE = YES_ERROR;
				CLANG_WARN_DOCUMENTATION_COMMENTS = YES;
				CLANG_WARN_EMPTY_BODY = YES;
				CLANG_WARN_ENUM_CONVERSION = YES;
				CLANG_WARN_INFINITE_RECURSION = YES;
				CLANG_WARN_INT_CONVERSION = YES;
				CLANG_WARN_OBJC_ROOT_CLASS = YES_ERROR;
				CLANG_WARN_SUSPICIOUS_MOVE = YES;
				CLANG_WARN_UNREACHABLE_CODE = YES;
				CLANG_WARN__DUPLICATE_METHOD_MATCH = YES;
				"CODE_SIGN_IDENTITY[sdk=iphoneos*]" = "iPhone Developer";
				COPY_PHASE_STRIP = NO;
				DEBUG_INFORMATION_FORMAT = "dwarf-with-dsym";
				ENABLE_NS_ASSERTIONS = NO;
				ENABLE_STRICT_OBJC_MSGSEND = YES;
				GCC_C_LANGUAGE_STANDARD = gnu99;
				GCC_NO_COMMON_BLOCKS = YES;
				GCC_WARN_64_TO_32_BIT_CONVERSION = YES;
				GCC_WARN_ABOUT_RETURN_TYPE = YES_ERROR;
				GCC_WARN_UNDECLARED_SELECTOR = YES;
				GCC_WARN_UNINITIALIZED_AUTOS = YES_AGGRESSIVE;
				GCC_WARN_UNUSED_FUNCTION = YES;
				GCC_WARN_UNUSED_VARIABLE = YES;
				IPHONEOS_DEPLOYMENT_TARGET = 10.3;
				MTL_ENABLE_DEBUG_INFO = NO;
				SDKROOT = iphoneos;
				SWIFT_OPTIMIZATION_LEVEL = "-Owholemodule";
				TARGETED_DEVICE_FAMILY = "1,2";
				VALIDATE_PRODUCT = YES;
			};
			name = Release;
		};
		FE22F3451F974C0B006545FA /* Debug */ = {
			isa = XCBuildConfiguration;
			buildSettings = {
				ASSETCATALOG_COMPILER_APPICON_NAME = AppIcon;
				INFOPLIST_FILE = DeepCo/Info.plist;
				LD_RUNPATH_SEARCH_PATHS = "$(inherited) @executable_path/Frameworks";
				PRODUCT_BUNDLE_IDENTIFIER = binus.edu.DeepCo;
				PRODUCT_NAME = "$(TARGET_NAME)";
				SWIFT_VERSION = 3.0;
			};
			name = Debug;
		};
		FE22F3461F974C0B006545FA /* Release */ = {
			isa = XCBuildConfiguration;
			buildSettings = {
				ASSETCATALOG_COMPILER_APPICON_NAME = AppIcon;
				INFOPLIST_FILE = DeepCo/Info.plist;
				LD_RUNPATH_SEARCH_PATHS = "$(inherited) @executable_path/Frameworks";
				PRODUCT_BUNDLE_IDENTIFIER = binus.edu.DeepCo;
				PRODUCT_NAME = "$(TARGET_NAME)";
				SWIFT_VERSION = 3.0;
			};
			name = Release;
		};
/* End XCBuildConfiguration section */

/* Begin XCConfigurationList section */
		FE22F32D1F974C0B006545FA /* Build configuration list for PBXProject "DeepCo" */ = {
			isa = XCConfigurationList;
			buildConfigurations = (
				FE22F3421F974C0B006545FA /* Debug */,
				FE22F3431F974C0B006545FA /* Release */,
			);
			defaultConfigurationIsVisible = 0;
			defaultConfigurationName = Release;
		};
		FE22F3441F974C0B006545FA /* Build configuration list for PBXNativeTarget "DeepCo" */ = {
			isa = XCConfigurationList;
			buildConfigurations = (
				FE22F3451F974C0B006545FA /* Debug */,
				FE22F3461F974C0B006545FA /* Release */,
			);
			defaultConfigurationIsVisible = 0;
		};
/* End XCConfigurationList section */
	};
	rootObject = FE22F32A1F974C0B006545FA /* Project object */;
}
